
Microsoft Visual Studio Solution File, Format Version 12.00
# Visual Studio Version 16
VisualStudioVersion = 16.0.29609.76
MinimumVisualStudioVersion = 10.0.40219.1
Project("{9A19103F-16F7-4668-BE54-9A1E7A4F7556}") = "BlazorDapperCRUD", "BlazorDapperCRUD\BlazorDapperCRUD.csproj", "{A62C72B8-025B-45C6-B779-735864AB768F}"
EndProject
Global
	GlobalSection(SolutionConfigurationPlatforms) = preSolution
		Debug|Any CPU = Debug|Any CPU
		Release|Any CPU = Release|Any CPU
	EndGlobalSection
	GlobalSection(ProjectConfigurationPlatforms) = postSolution
		{A62C72B8-025B-45C6-B779-735864AB768F}.Debug|Any CPU.ActiveCfg = Debug|Any CPU
		{A62C72B8-025B-45C6-B779-735864AB768F}.Debug|Any CPU.Build.0 = Debug|Any CPU
		{A62C72B8-025B-45C6-B779-735864AB768F}.Release|Any CPU.ActiveCfg = Release|Any CPU
		{A62C72B8-025B-45C6-B779-735864AB768F}.Release|Any CPU.Build.0 = Release|Any CPU
	EndGlobalSection
	GlobalSection(SolutionProperties) = preSolution
		HideSolutionNode = FALSE
	EndGlobalSection
	GlobalSection(ExtensibilityGlobals) = postSolution
		SolutionGuid = {3D20B0C7-7A0E-468A-B8B2-B6F0A76977E5}
	EndGlobalSection
EndGlobal
